Microsoft Visual Studio Solution File, Format Version 12.00
# Visual Studio Version 17
VisualStudioVersion = 17.0.31903.59
MinimumVisualStudioVersion = 10.0.40219.1
Project("{2150E333-8FDC-42A3-9474-1A3956D46DE8}") = "src", "src", "{827E0CD3-B72D-47B6-A68D-7590B98EB39B}"
EndProject
Project("{2150E333-8FDC-42A3-9474-1A3956D46DE8}") = "Shared", "Shared", "{C8E42992-5E42-0C2B-DBFE-AA848D06431C}"
EndProject
Project("{FAE04EC0-301F-11D3-BF4B-00C04F79EFBC}") = "Contracts", "src\Shared\Contracts\Contracts.csproj", "{23BB6050-C1AD-47E9-8C56-FB4D5A421EC4}"
EndProject
Project("{2150E333-8FDC-42A3-9474-1A3956D46DE8}") = "Services", "Services", "{02EA681E-C7D8-13C7-8484-4AC65E1B71E8}"
EndProject
Project("{FAE04EC0-301F-11D3-BF4B-00C04F79EFBC}") = "Library.Domain", "src\Library.Domain\Library.Domain.csproj", "{0462631C-7670-D481-F034-E5D4D1EDBC29}"
EndProject
Project("{FAE04EC0-301F-11D3-BF4B-00C04F79EFBC}") = "Library.Application", "src\Library.Application\Library.Application.csproj", "{A1B2C3D4-E5F6-7890-ABCD-EF1234567890}"
EndProject
Project("{FAE04EC0-301F-11D3-BF4B-00C04F79EFBC}") = "Library.Api", "src\Library.Api\Library.Api.csproj", "{DC62F9F2-C6CC-B298-BD4B-F638AB9C4B6B}"
EndProject
Project("{FAE04EC0-301F-11D3-BF4B-00C04F79EFBC}") = "EventService", "src\Event.Api\EventService.csproj", "{84F2A533-B4A4-4D40-72F3-9CAA5766DA88}"
EndProject
Project("{2150E333-8FDC-42A3-9474-1A3956D46DE8}") = "tests", "tests", "{A2DA5F85-027C-435E-AAD9-ADDF011D4A93}"
EndProject
Project("{FAE04EC0-301F-11D3-BF4B-00C04F79EFBC}") = "Library.Tests", "src\Library.Tests\Library.Tests.csproj", "{5C832DC3-CC18-6D93-B58B-26CD12D13037}"
EndProject
Project("{FAE04EC0-301F-11D3-BF4B-00C04F79EFBC}") = "Events.Tests", "src\Events.Tests\Events.Tests.csproj", "{0FF461B7-8441-F814-C34C-69D152DCD355}"
EndProject
Project("{FAE04EC0-301F-11D3-BF4B-00C04F79EFBC}") = "Library.Infrastructure", "src\Library.Infrastructure\Library.Infrastructure.csproj", "{507D27C2-426B-4340-55EC-053433EA3AD6}"
EndProject
Project("{2150E333-8FDC-42A3-9474-1A3956D46DE8}") = "Api", "Api", "{11929D72-020C-4B33-A9DA-A09B8D1AC50D}"
EndProject
Project("{FAE04EC0-301F-11D3-BF4B-00C04F79EFBC}") = "Library.ServiceDefaults", "src\Library.ServiceDefaults\Library.ServiceDefaults.csproj", "{E2AB61FF-E5D8-A67A-3698-09D9CF46E75A}"
EndProject
Project("{FAE04EC0-301F-11D3-BF4B-00C04F79EFBC}") = "Library.AppHost", "src\Library.AppHost\Library.AppHost.csproj", "{BB80B8C3-EF62-B1E7-B886-249522AEBA46}"
EndProject
Project("{FAE04EC0-301F-11D3-BF4B-00C04F79EFBC}") = "Contracts.Messaging", "src\Shared\Messaging\Contracts.Messaging.csproj", "{6518EF39-B328-F84D-4EAD-46DDAB51078A}"
EndProject
Global
	GlobalSection(SolutionConfigurationPlatforms) = preSolution
		Debug|Any CPU = Debug|Any CPU
		Debug|x64 = Debug|x64
		Debug|x86 = Debug|x86
		Release|Any CPU = Release|Any CPU
		Release|x64 = Release|x64
		Release|x86 = Release|x86
	EndGlobalSection
	GlobalSection(ProjectConfigurationPlatforms) = postSolution
		{23BB6050-C1AD-47E9-8C56-FB4D5A421EC4}.Debug|Any CPU.ActiveCfg = Debug|Any CPU
		{23BB6050-C1AD-47E9-8C56-FB4D5A421EC4}.Debug|Any CPU.Build.0 = Debug|Any CPU
		{23BB6050-C1AD-47E9-8C56-FB4D5A421EC4}.Debug|x64.ActiveCfg = Debug|Any CPU
		{23BB6050-C1AD-47E9-8C56-FB4D5A421EC4}.Debug|x64.Build.0 = Debug|Any CPU
		{23BB6050-C1AD-47E9-8C56-FB4D5A421EC4}.Debug|x86.ActiveCfg = Debug|Any CPU
		{23BB6050-C1AD-47E9-8C56-FB4D5A421EC4}.Debug|x86.Build.0 = Debug|Any CPU
		{23BB6050-C1AD-47E9-8C56-FB4D5A421EC4}.Release|Any CPU.ActiveCfg = Release|Any CPU
		{23BB6050-C1AD-47E9-8C56-FB4D5A421EC4}.Release|Any CPU.Build.0 = Release|Any CPU
		{23BB6050-C1AD-47E9-8C56-FB4D5A421EC4}.Release|x64.ActiveCfg = Release|Any CPU
		{23BB6050-C1AD-47E9-8C56-FB4D5A421EC4}.Release|x64.Build.0 = Release|Any CPU
		{23BB6050-C1AD-47E9-8C56-FB4D5A421EC4}.Release|x86.ActiveCfg = Release|Any CPU
		{23BB6050-C1AD-47E9-8C56-FB4D5A421EC4}.Release|x86.Build.0 = Release|Any CPU
		{0462631C-7670-D481-F034-E5D4D1EDBC29}.Debug|Any CPU.ActiveCfg = Debug|Any CPU
		{0462631C-7670-D481-F034-E5D4D1EDBC29}.Debug|Any CPU.Build.0 = Debug|Any CPU
		{0462631C-7670-D481-F034-E5D4D1EDBC29}.Debug|x64.ActiveCfg = Debug|Any CPU
		{0462631C-7670-D481-F034-E5D4D1EDBC29}.Debug|x64.Build.0 = Debug|Any CPU
		{0462631C-7670-D481-F034-E5D4D1EDBC29}.Debug|x86.ActiveCfg = Debug|Any CPU
		{0462631C-7670-D481-F034-E5D4D1EDBC29}.Debug|x86.Build.0 = Debug|Any CPU
		{0462631C-7670-D481-F034-E5D4D1EDBC29}.Release|Any CPU.ActiveCfg = Release|Any CPU
		{0462631C-7670-D481-F034-E5D4D1EDBC29}.Release|Any CPU.Build.0 = Release|Any CPU
		{0462631C-7670-D481-F034-E5D4D1EDBC29}.Release|x64.ActiveCfg = Release|Any CPU
		{0462631C-7670-D481-F034-E5D4D1EDBC29}.Release|x64.Build.0 = Release|Any CPU
		{0462631C-7670-D481-F034-E5D4D1EDBC29}.Release|x86.ActiveCfg = Release|Any CPU
		{0462631C-7670-D481-F034-E5D4D1EDBC29}.Release|x86.Build.0 = Release|Any CPU
		{A1B2C3D4-E5F6-7890-ABCD-EF1234567890}.Debug|Any CPU.ActiveCfg = Debug|Any CPU
		{A1B2C3D4-E5F6-7890-ABCD-EF1234567890}.Debug|Any CPU.Build.0 = Debug|Any CPU
		{A1B2C3D4-E5F6-7890-ABCD-EF1234567890}.Debug|x64.ActiveCfg = Debug|Any CPU
		{A1B2C3D4-E5F6-7890-ABCD-EF1234567890}.Debug|x64.Build.0 = Debug|Any CPU
		{A1B2C3D4-E5F6-7890-ABCD-EF1234567890}.Debug|x86.ActiveCfg = Debug|Any CPU
		{A1B2C3D4-E5F6-7890-ABCD-EF1234567890}.Debug|x86.Build.0 = Debug|Any CPU
		{A1B2C3D4-E5F6-7890-ABCD-EF1234567890}.Release|Any CPU.ActiveCfg = Release|Any CPU
		{A1B2C3D4-E5F6-7890-ABCD-EF1234567890}.Release|Any CPU.Build.0 = Release|Any CPU
		{A1B2C3D4-E5F6-7890-ABCD-EF1234567890}.Release|x64.ActiveCfg = Release|Any CPU
		{A1B2C3D4-E5F6-7890-ABCD-EF1234567890}.Release|x64.Build.0 = Release|Any CPU
		{A1B2C3D4-E5F6-7890-ABCD-EF1234567890}.Release|x86.ActiveCfg = Release|Any CPU
		{A1B2C3D4-E5F6-7890-ABCD-EF1234567890}.Release|x86.Build.0 = Release|Any CPU
		{DC62F9F2-C6CC-B298-BD4B-F638AB9C4B6B}.Debug|Any CPU.ActiveCfg = Debug|Any CPU
		{DC62F9F2-C6CC-B298-BD4B-F638AB9C4B6B}.Debug|Any CPU.Build.0 = Debug|Any CPU
		{DC62F9F2-C6CC-B298-BD4B-F638AB9C4B6B}.Debug|x64.ActiveCfg = Debug|Any CPU
		{DC62F9F2-C6CC-B298-BD4B-F638AB9C4B6B}.Debug|x64.Build.0 = Debug|Any CPU
		{DC62F9F2-C6CC-B298-BD4B-F638AB9C4B6B}.Debug|x86.ActiveCfg = Debug|Any CPU
		{DC62F9F2-C6CC-B298-BD4B-F638AB9C4B6B}.Debug|x86.Build.0 = Debug|Any CPU
		{DC62F9F2-C6CC-B298-BD4B-F638AB9C4B6B}.Release|Any CPU.ActiveCfg = Release|Any CPU
		{DC62F9F2-C6CC-B298-BD4B-F638AB9C4B6B}.Release|Any CPU.Build.0 = Release|Any CPU
		{DC62F9F2-C6CC-B298-BD4B-F638AB9C4B6B}.Release|x64.ActiveCfg = Release|Any CPU
		{DC62F9F2-C6CC-B298-BD4B-F638AB9C4B6B}.Release|x64.Build.0 = Release|Any CPU
		{DC62F9F2-C6CC-B298-BD4B-F638AB9C4B6B}.Release|x86.ActiveCfg = Release|Any CPU
		{DC62F9F2-C6CC-B298-BD4B-F638AB9C4B6B}.Release|x86.Build.0 = Release|Any CPU
		{84F2A533-B4A4-4D40-72F3-9CAA5766DA88}.Debug|Any CPU.ActiveCfg = Debug|Any CPU
		{84F2A533-B4A4-4D40-72F3-9CAA5766DA88}.Debug|Any CPU.Build.0 = Debug|Any CPU
		{84F2A533-B4A4-4D40-72F3-9CAA5766DA88}.Debug|x64.ActiveCfg = Debug|Any CPU
		{84F2A533-B4A4-4D40-72F3-9CAA5766DA88}.Debug|x64.Build.0 = Debug|Any CPU
		{84F2A533-B4A4-4D40-72F3-9CAA5766DA88}.Debug|x86.ActiveCfg = Debug|Any CPU
		{84F2A533-B4A4-4D40-72F3-9CAA5766DA88}.Debug|x86.Build.0 = Debug|Any CPU
		{84F2A533-B4A4-4D40-72F3-9CAA5766DA88}.Release|Any CPU.ActiveCfg = Release|Any CPU
		{84F2A533-B4A4-4D40-72F3-9CAA5766DA88}.Release|Any CPU.Build.0 = Release|Any CPU
		{84F2A533-B4A4-4D40-72F3-9CAA5766DA88}.Release|x64.ActiveCfg = Release|Any CPU
		{84F2A533-B4A4-4D40-72F3-9CAA5766DA88}.Release|x64.Build.0 = Release|Any CPU
		{84F2A533-B4A4-4D40-72F3-9CAA5766DA88}.Release|x86.ActiveCfg = Release|Any CPU
		{84F2A533-B4A4-4D40-72F3-9CAA5766DA88}.Release|x86.Build.0 = Release|Any CPU
		{5C832DC3-CC18-6D93-B58B-26CD12D13037}.Debug|Any CPU.ActiveCfg = Debug|Any CPU
		{5C832DC3-CC18-6D93-B58B-26CD12D13037}.Debug|Any CPU.Build.0 = Debug|Any CPU
		{5C832DC3-CC18-6D93-B58B-26CD12D13037}.Debug|x64.ActiveCfg = Debug|Any CPU
		{5C832DC3-CC18-6D93-B58B-26CD12D13037}.Debug|x64.Build.0 = Debug|Any CPU
		{5C832DC3-CC18-6D93-B58B-26CD12D13037}.Debug|x86.ActiveCfg = Debug|Any CPU
		{5C832DC3-CC18-6D93-B58B-26CD12D13037}.Debug|x86.Build.0 = Debug|Any CPU
		{5C832DC3-CC18-6D93-B58B-26CD12D13037}.Release|Any CPU.ActiveCfg = Release|Any CPU
		{5C832DC3-CC18-6D93-B58B-26CD12D13037}.Release|Any CPU.Build.0 = Release|Any CPU
		{5C832DC3-CC18-6D93-B58B-26CD12D13037}.Release|x64.ActiveCfg = Release|Any CPU
		{5C832DC3-CC18-6D93-B58B-26CD12D13037}.Release|x64.Build.0 = Release|Any CPU
		{5C832DC3-CC18-6D93-B58B-26CD12D13037}.Release|x86.ActiveCfg = Release|Any CPU
		{5C832DC3-CC18-6D93-B58B-26CD12D13037}.Release|x86.Build.0 = Release|Any CPU
		{0FF461B7-8441-F814-C34C-69D152DCD355}.Debug|Any CPU.ActiveCfg = Debug|Any CPU
		{0FF461B7-8441-F814-C34C-69D152DCD355}.Debug|Any CPU.Build.0 = Debug|Any CPU
		{0FF461B7-8441-F814-C34C-69D152DCD355}.Debug|x64.ActiveCfg = Debug|Any CPU
		{0FF461B7-8441-F814-C34C-69D152DCD355}.Debug|x64.Build.0 = Debug|Any CPU
		{0FF461B7-8441-F814-C34C-69D152DCD355}.Debug|x86.ActiveCfg = Debug|Any CPU
		{0FF461B7-8441-F814-C34C-69D152DCD355}.Debug|x86.Build.0 = Debug|Any CPU
		{0FF461B7-8441-F814-C34C-69D152DCD355}.Release|Any CPU.ActiveCfg = Release|Any CPU
		{0FF461B7-8441-F814-C34C-69D152DCD355}.Release|Any CPU.Build.0 = Release|Any CPU
		{0FF461B7-8441-F814-C34C-69D152DCD355}.Release|x64.ActiveCfg = Release|Any CPU
		{0FF461B7-8441-F814-C34C-69D152DCD355}.Release|x64.Build.0 = Release|Any CPU
		{0FF461B7-8441-F814-C34C-69D152DCD355}.Release|x86.ActiveCfg = Release|Any CPU
		{0FF461B7-8441-F814-C34C-69D152DCD355}.Release|x86.Build.0 = Release|Any CPU
		{507D27C2-426B-4340-55EC-053433EA3AD6}.Debug|Any CPU.ActiveCfg = Debug|Any CPU
		{507D27C2-426B-4340-55EC-053433EA3AD6}.Debug|Any CPU.Build.0 = Debug|Any CPU
		{507D27C2-426B-4340-55EC-053433EA3AD6}.Debug|x64.ActiveCfg = Debug|Any CPU
		{507D27C2-426B-4340-55EC-053433EA3AD6}.Debug|x64.Build.0 = Debug|Any CPU
		{507D27C2-426B-4340-55EC-053433EA3AD6}.Debug|x86.ActiveCfg = Debug|Any CPU
		{507D27C2-426B-4340-55EC-053433EA3AD6}.Debug|x86.Build.0 = Debug|Any CPU
		{507D27C2-426B-4340-55EC-053433EA3AD6}.Release|Any CPU.ActiveCfg = Release|Any CPU
		{507D27C2-426B-4340-55EC-053433EA3AD6}.Release|Any CPU.Build.0 = Release|Any CPU
		{507D27C2-426B-4340-55EC-053433EA3AD6}.Release|x64.ActiveCfg = Release|Any CPU
		{507D27C2-426B-4340-55EC-053433EA3AD6}.Release|x64.Build.0 = Release|Any CPU
		{507D27C2-426B-4340-55EC-053433EA3AD6}.Release|x86.ActiveCfg = Release|Any CPU
		{507D27C2-426B-4340-55EC-053433EA3AD6}.Release|x86.Build.0 = Release|Any CPU
		{E2AB61FF-E5D8-A67A-3698-09D9CF46E75A}.Debug|Any CPU.ActiveCfg = Debug|Any CPU
		{E2AB61FF-E5D8-A67A-3698-09D9CF46E75A}.Debug|Any CPU.Build.0 = Debug|Any CPU
		{E2AB61FF-E5D8-A67A-3698-09D9CF46E75A}.Debug|x64.ActiveCfg = Debug|Any CPU
		{E2AB61FF-E5D8-A67A-3698-09D9CF46E75A}.Debug|x64.Build.0 = Debug|Any CPU
		{E2AB61FF-E5D8-A67A-3698-09D9CF46E75A}.Debug|x86.ActiveCfg = Debug|Any CPU
		{E2AB61FF-E5D8-A67A-3698-09D9CF46E75A}.Debug|x86.Build.0 = Debug|Any CPU
		{E2AB61FF-E5D8-A67A-3698-09D9CF46E75A}.Release|Any CPU.ActiveCfg = Release|Any CPU
		{E2AB61FF-E5D8-A67A-3698-09D9CF46E75A}.Release|Any CPU.Build.0 = Release|Any CPU
		{E2AB61FF-E5D8-A67A-3698-09D9CF46E75A}.Release|x64.ActiveCfg = Release|Any CPU
		{E2AB61FF-E5D8-A67A-3698-09D9CF46E75A}.Release|x64.Build.0 = Release|Any CPU
		{E2AB61FF-E5D8-A67A-3698-09D9CF46E75A}.Release|x86.ActiveCfg = Release|Any CPU
		{E2AB61FF-E5D8-A67A-3698-09D9CF46E75A}.Release|x86.Build.0 = Release|Any CPU
		{BB80B8C3-EF62-B1E7-B886-249522AEBA46}.Debug|Any CPU.ActiveCfg = Debug|Any CPU
		{BB80B8C3-EF62-B1E7-B886-249522AEBA46}.Debug|Any CPU.Build.0 = Debug|Any CPU
		{BB80B8C3-EF62-B1E7-B886-249522AEBA46}.Debug|x64.ActiveCfg = Debug|Any CPU
		{BB80B8C3-EF62-B1E7-B886-249522AEBA46}.Debug|x64.Build.0 = Debug|Any CPU
		{BB80B8C3-EF62-B1E7-B886-249522AEBA46}.Debug|x86.ActiveCfg = Debug|Any CPU
		{BB80B8C3-EF62-B1E7-B886-249522AEBA46}.Debug|x86.Build.0 = Debug|Any CPU
		{BB80B8C3-EF62-B1E7-B886-249522AEBA46}.Release|Any CPU.ActiveCfg = Release|Any CPU
		{BB80B8C3-EF62-B1E7-B886-249522AEBA46}.Release|Any CPU.Build.0 = Release|Any CPU
		{BB80B8C3-EF62-B1E7-B886-249522AEBA46}.Release|x64.ActiveCfg = Release|Any CPU
		{BB80B8C3-EF62-B1E7-B886-249522AEBA46}.Release|x64.Build.0 = Release|Any CPU
		{BB80B8C3-EF62-B1E7-B886-249522AEBA46}.Release|x86.ActiveCfg = Release|Any CPU
		{BB80B8C3-EF62-B1E7-B886-249522AEBA46}.Release|x86.Build.0 = Release|Any CPU
		{6518EF39-B328-F84D-4EAD-46DDAB51078A}.Debug|Any CPU.ActiveCfg = Debug|Any CPU
		{6518EF39-B328-F84D-4EAD-46DDAB51078A}.Debug|Any CPU.Build.0 = Debug|Any CPU
		{6518EF39-B328-F84D-4EAD-46DDAB51078A}.Debug|x64.ActiveCfg = Debug|Any CPU
		{6518EF39-B328-F84D-4EAD-46DDAB51078A}.Debug|x64.Build.0 = Debug|Any CPU
		{6518EF39-B328-F84D-4EAD-46DDAB51078A}.Debug|x86.ActiveCfg = Debug|Any CPU
		{6518EF39-B328-F84D-4EAD-46DDAB51078A}.Debug|x86.Build.0 = Debug|Any CPU
		{6518EF39-B328-F84D-4EAD-46DDAB51078A}.Release|Any CPU.ActiveCfg = Release|Any CPU
		{6518EF39-B328-F84D-4EAD-46DDAB51078A}.Release|Any CPU.Build.0 = Release|Any CPU
		{6518EF39-B328-F84D-4EAD-46DDAB51078A}.Release|x64.ActiveCfg = Release|Any CPU
		{6518EF39-B328-F84D-4EAD-46DDAB51078A}.Release|x64.Build.0 = Release|Any CPU
		{6518EF39-B328-F84D-4EAD-46DDAB51078A}.Release|x86.ActiveCfg = Release|Any CPU
		{6518EF39-B328-F84D-4EAD-46DDAB51078A}.Release|x86.Build.0 = Release|Any CPU
	EndGlobalSection
	GlobalSection(SolutionProperties) = preSolution
		HideSolutionNode = FALSE
	EndGlobalSection
	GlobalSection(NestedProjects) = preSolution
		{C8E42992-5E42-0C2B-DBFE-AA848D06431C} = {827E0CD3-B72D-47B6-A68D-7590B98EB39B}
		{23BB6050-C1AD-47E9-8C56-FB4D5A421EC4} = {C8E42992-5E42-0C2B-DBFE-AA848D06431C}
		{02EA681E-C7D8-13C7-8484-4AC65E1B71E8} = {827E0CD3-B72D-47B6-A68D-7590B98EB39B}
		{0462631C-7670-D481-F034-E5D4D1EDBC29} = {02EA681E-C7D8-13C7-8484-4AC65E1B71E8}
		{A1B2C3D4-E5F6-7890-ABCD-EF1234567890} = {02EA681E-C7D8-13C7-8484-4AC65E1B71E8}
		{DC62F9F2-C6CC-B298-BD4B-F638AB9C4B6B} = {11929D72-020C-4B33-A9DA-A09B8D1AC50D}
		{84F2A533-B4A4-4D40-72F3-9CAA5766DA88} = {11929D72-020C-4B33-A9DA-A09B8D1AC50D}
		{A2DA5F85-027C-435E-AAD9-ADDF011D4A93} = {827E0CD3-B72D-47B6-A68D-7590B98EB39B}
		{5C832DC3-CC18-6D93-B58B-26CD12D13037} = {A2DA5F85-027C-435E-AAD9-ADDF011D4A93}
		{0FF461B7-8441-F814-C34C-69D152DCD355} = {A2DA5F85-027C-435E-AAD9-ADDF011D4A93}
		{507D27C2-426B-4340-55EC-053433EA3AD6} = {02EA681E-C7D8-13C7-8484-4AC65E1B71E8}
		{11929D72-020C-4B33-A9DA-A09B8D1AC50D} = {827E0CD3-B72D-47B6-A68D-7590B98EB39B}
		{E2AB61FF-E5D8-A67A-3698-09D9CF46E75A} = {827E0CD3-B72D-47B6-A68D-7590B98EB39B}
		{BB80B8C3-EF62-B1E7-B886-249522AEBA46} = {827E0CD3-B72D-47B6-A68D-7590B98EB39B}
		{6518EF39-B328-F84D-4EAD-46DDAB51078A} = {C8E42992-5E42-0C2B-DBFE-AA848D06431C}
	EndGlobalSection
	GlobalSection(ExtensibilityGlobals) = postSolution
		SolutionGuid = {C5D6C5A4-BA38-426F-B547-BB58FCA03168}
	EndGlobalSection
EndGlobal
